
Microsoft Visual Studio Solution File, Format Version 9.00
# Visual Studio 2005
Project("{2857B73E-F847-4B02-9238-064979017E93}") = "mod_authn_dovecot", "mod_authn_dovecot.cproj", "{C3A2734A-8862-471C-BEC6-135D9FACA32D}"
EndProject
Global
	GlobalSection(SolutionConfigurationPlatforms) = preSolution
		Debug|Any CPU = Debug|Any CPU
		Release|Any CPU = Release|Any CPU
	EndGlobalSection
	GlobalSection(ProjectConfigurationPlatforms) = postSolution
		{C3A2734A-8862-471C-BEC6-135D9FACA32D}.Debug|Any CPU.ActiveCfg = Debug|Any CPU
		{C3A2734A-8862-471C-BEC6-135D9FACA32D}.Debug|Any CPU.Build.0 = Debug|Any CPU
		{C3A2734A-8862-471C-BEC6-135D9FACA32D}.Release|Any CPU.ActiveCfg = Release|Any CPU
		{C3A2734A-8862-471C-BEC6-135D9FACA32D}.Release|Any CPU.Build.0 = Release|Any CPU
	EndGlobalSection
	GlobalSection(MonoDevelopProperties) = preSolution
		StartupItem = mod_authn_dovecot.cproj
		version = 0.1
	EndGlobalSection
EndGlobal
